
Microsoft Visual Studio Solution File, Format Version 12.00
# Visual Studio Version 16
VisualStudioVersion = 16.0.30011.22
MinimumVisualStudioVersion = 10.0.40219.1
Project("{FAE04EC0-301F-11D3-BF4B-00C04F79EFBC}") = "Algorithms.Run", "Algorithms.Run\Algorithms.Run.csproj", "{BB7B74FD-FB8C-4E8C-AC6D-9DEEAECADB45}"
EndProject
Global
	GlobalSection(SolutionConfigurationPlatforms) = preSolution
		Debug|Any CPU = Debug|Any CPU
		Release|Any CPU = Release|Any CPU
	EndGlobalSection
	GlobalSection(ProjectConfigurationPlatforms) = postSolution
		{BB7B74FD-FB8C-4E8C-AC6D-9DEEAECADB45}.Debug|Any CPU.ActiveCfg = Debug|Any CPU
		{BB7B74FD-FB8C-4E8C-AC6D-9DEEAECADB45}.Debug|Any CPU.Build.0 = Debug|Any CPU
		{BB7B74FD-FB8C-4E8C-AC6D-9DEEAECADB45}.Release|Any CPU.ActiveCfg = Release|Any CPU
		{BB7B74FD-FB8C-4E8C-AC6D-9DEEAECADB45}.Release|Any CPU.Build.0 = Release|Any CPU
	EndGlobalSection
	GlobalSection(SolutionProperties) = preSolution
		HideSolutionNode = FALSE
	EndGlobalSection
	GlobalSection(ExtensibilityGlobals) = postSolution
		SolutionGuid = {8E9F0A13-3B37-4FA4-B3F0-0B2389BD7570}
	EndGlobalSection
EndGlobal
